
Microsoft Visual Studio Solution File, Format Version 12.00
Project("{FAE04EC0-301F-11D3-BF4B-00C04F79EFBC}") = "OneForm.SharedData", "OneForm.SharedData\OneForm.SharedData.csproj", "{5AF43022-FA99-4037-8511-62F7599F4791}"
EndProject
Project("{2150E333-8FDC-42A3-9474-1A3956D46DE8}") = "Shared", "Shared", "{7FE821D9-048C-4FAE-A7CE-CF06DD50E0D1}"
EndProject
Project("{FAE04EC0-301F-11D3-BF4B-00C04F79EFBC}") = "OneForm.SharedLogic", "OneForm.SharedLogic\OneForm.SharedLogic.csproj", "{D2418206-5350-4B88-A460-6988736281FF}"
EndProject
Project("{FAE04EC0-301F-11D3-BF4B-00C04F79EFBC}") = "OneForm.SharedApi", "OneForm.SharedApi\OneForm.SharedApi.csproj", "{740D1148-9316-4F7E-A40D-632EE4EB0D3C}"
EndProject
Project("{2150E333-8FDC-42A3-9474-1A3956D46DE8}") = "Admin", "Admin", "{E07E8F80-5AC9-4B1C-9197-01ABC0BDA8BF}"
EndProject
Project("{FAE04EC0-301F-11D3-BF4B-00C04F79EFBC}") = "OneForm.AdminLogic", "OneForm.AdminLogic\OneForm.AdminLogic.csproj", "{C4D2797C-106E-4009-982A-ACBAB64B8AD4}"
EndProject
Project("{FAE04EC0-301F-11D3-BF4B-00C04F79EFBC}") = "OneForm.AdminApi", "OneForm.AdminApi\OneForm.AdminApi.csproj", "{19119257-097F-4B65-AE54-D931807051A8}"
EndProject
Project("{2150E333-8FDC-42A3-9474-1A3956D46DE8}") = "Common", "Common", "{549532CA-7E4E-4413-8255-F341DA05EA95}"
EndProject
Project("{FAE04EC0-301F-11D3-BF4B-00C04F79EFBC}") = "OneForm.CommonApi", "OneForm.CommonApi\OneForm.CommonApi.csproj", "{B206B289-2184-435A-9A44-7222AEA59522}"
EndProject
Project("{FAE04EC0-301F-11D3-BF4B-00C04F79EFBC}") = "OneForm.CommonLogic", "OneForm.CommonLogic\OneForm.CommonLogic.csproj", "{9D192888-17EB-446A-9D6E-53CBF767CE5E}"
EndProject
Global
	GlobalSection(SolutionConfigurationPlatforms) = preSolution
		Debug|Any CPU = Debug|Any CPU
		Release|Any CPU = Release|Any CPU
	EndGlobalSection
	GlobalSection(ProjectConfigurationPlatforms) = postSolution
		{5AF43022-FA99-4037-8511-62F7599F4791}.Debug|Any CPU.ActiveCfg = Debug|Any CPU
		{5AF43022-FA99-4037-8511-62F7599F4791}.Debug|Any CPU.Build.0 = Debug|Any CPU
		{5AF43022-FA99-4037-8511-62F7599F4791}.Release|Any CPU.ActiveCfg = Release|Any CPU
		{5AF43022-FA99-4037-8511-62F7599F4791}.Release|Any CPU.Build.0 = Release|Any CPU
		{D2418206-5350-4B88-A460-6988736281FF}.Debug|Any CPU.ActiveCfg = Debug|Any CPU
		{D2418206-5350-4B88-A460-6988736281FF}.Debug|Any CPU.Build.0 = Debug|Any CPU
		{D2418206-5350-4B88-A460-6988736281FF}.Release|Any CPU.ActiveCfg = Release|Any CPU
		{D2418206-5350-4B88-A460-6988736281FF}.Release|Any CPU.Build.0 = Release|Any CPU
		{740D1148-9316-4F7E-A40D-632EE4EB0D3C}.Debug|Any CPU.ActiveCfg = Debug|Any CPU
		{740D1148-9316-4F7E-A40D-632EE4EB0D3C}.Debug|Any CPU.Build.0 = Debug|Any CPU
		{740D1148-9316-4F7E-A40D-632EE4EB0D3C}.Release|Any CPU.ActiveCfg = Release|Any CPU
		{740D1148-9316-4F7E-A40D-632EE4EB0D3C}.Release|Any CPU.Build.0 = Release|Any CPU
		{C4D2797C-106E-4009-982A-ACBAB64B8AD4}.Debug|Any CPU.ActiveCfg = Debug|Any CPU
		{C4D2797C-106E-4009-982A-ACBAB64B8AD4}.Debug|Any CPU.Build.0 = Debug|Any CPU
		{C4D2797C-106E-4009-982A-ACBAB64B8AD4}.Release|Any CPU.ActiveCfg = Release|Any CPU
		{C4D2797C-106E-4009-982A-ACBAB64B8AD4}.Release|Any CPU.Build.0 = Release|Any CPU
		{19119257-097F-4B65-AE54-D931807051A8}.Debug|Any CPU.ActiveCfg = Debug|Any CPU
		{19119257-097F-4B65-AE54-D931807051A8}.Debug|Any CPU.Build.0 = Debug|Any CPU
		{19119257-097F-4B65-AE54-D931807051A8}.Release|Any CPU.ActiveCfg = Release|Any CPU
		{19119257-097F-4B65-AE54-D931807051A8}.Release|Any CPU.Build.0 = Release|Any CPU
		{B206B289-2184-435A-9A44-7222AEA59522}.Debug|Any CPU.ActiveCfg = Debug|Any CPU
		{B206B289-2184-435A-9A44-7222AEA59522}.Debug|Any CPU.Build.0 = Debug|Any CPU
		{B206B289-2184-435A-9A44-7222AEA59522}.Release|Any CPU.ActiveCfg = Release|Any CPU
		{B206B289-2184-435A-9A44-7222AEA59522}.Release|Any CPU.Build.0 = Release|Any CPU
		{9D192888-17EB-446A-9D6E-53CBF767CE5E}.Debug|Any CPU.ActiveCfg = Debug|Any CPU
		{9D192888-17EB-446A-9D6E-53CBF767CE5E}.Debug|Any CPU.Build.0 = Debug|Any CPU
		{9D192888-17EB-446A-9D6E-53CBF767CE5E}.Release|Any CPU.ActiveCfg = Release|Any CPU
		{9D192888-17EB-446A-9D6E-53CBF767CE5E}.Release|Any CPU.Build.0 = Release|Any CPU
	EndGlobalSection
	GlobalSection(NestedProjects) = preSolution
		{5AF43022-FA99-4037-8511-62F7599F4791} = {7FE821D9-048C-4FAE-A7CE-CF06DD50E0D1}
		{D2418206-5350-4B88-A460-6988736281FF} = {7FE821D9-048C-4FAE-A7CE-CF06DD50E0D1}
		{740D1148-9316-4F7E-A40D-632EE4EB0D3C} = {7FE821D9-048C-4FAE-A7CE-CF06DD50E0D1}
		{C4D2797C-106E-4009-982A-ACBAB64B8AD4} = {E07E8F80-5AC9-4B1C-9197-01ABC0BDA8BF}
		{19119257-097F-4B65-AE54-D931807051A8} = {E07E8F80-5AC9-4B1C-9197-01ABC0BDA8BF}
		{B206B289-2184-435A-9A44-7222AEA59522} = {549532CA-7E4E-4413-8255-F341DA05EA95}
		{9D192888-17EB-446A-9D6E-53CBF767CE5E} = {549532CA-7E4E-4413-8255-F341DA05EA95}
	EndGlobalSection
EndGlobal
