
Microsoft Visual Studio Solution File, Format Version 12.00
Project("{FAE04EC0-301F-11D3-BF4B-00C04F79EFBC}") = "OneForm.IdentityApi", "OneForm.IdentityApi\OneForm.IdentityApi.csproj", "{18233F02-14A2-4304-9C3D-205D4E650BA6}"
EndProject
Global
	GlobalSection(SolutionConfigurationPlatforms) = preSolution
		Debug|Any CPU = Debug|Any CPU
		Release|Any CPU = Release|Any CPU
	EndGlobalSection
	GlobalSection(ProjectConfigurationPlatforms) = postSolution
		{18233F02-14A2-4304-9C3D-205D4E650BA6}.Debug|Any CPU.ActiveCfg = Debug|Any CPU
		{18233F02-14A2-4304-9C3D-205D4E650BA6}.Debug|Any CPU.Build.0 = Debug|Any CPU
		{18233F02-14A2-4304-9C3D-205D4E650BA6}.Release|Any CPU.ActiveCfg = Release|Any CPU
		{18233F02-14A2-4304-9C3D-205D4E650BA6}.Release|Any CPU.Build.0 = Release|Any CPU
	EndGlobalSection
EndGlobal
